
Microsoft Visual Studio Solution File, Format Version 12.00
# Visual Studio 2015
Project("{FAE04EC0-301F-11D3-BF4B-00C04F79EFBC}") = "BBF - Source Files - Team Placeholder.CSharp", "BBF - Source Files - Team Placeholder.CSharp.csproj", "{9C34830F-4219-29ED-2295-E1A14921807B}"
EndProject
Global
	GlobalSection(SolutionConfigurationPlatforms) = preSolution
		Debug|Any CPU = Debug|Any CPU
		Release|Any CPU = Release|Any CPU
	EndGlobalSection
	GlobalSection(ProjectConfigurationPlatforms) = postSolution
		{9C34830F-4219-29ED-2295-E1A14921807B}.Debug|Any CPU.ActiveCfg = Debug|Any CPU
		{9C34830F-4219-29ED-2295-E1A14921807B}.Debug|Any CPU.Build.0 = Debug|Any CPU
		{9C34830F-4219-29ED-2295-E1A14921807B}.Release|Any CPU.ActiveCfg = Release|Any CPU
		{9C34830F-4219-29ED-2295-E1A14921807B}.Release|Any CPU.Build.0 = Release|Any CPU
	EndGlobalSection
	GlobalSection(SolutionProperties) = preSolution
		HideSolutionNode = FALSE
	EndGlobalSection
EndGlobal
